
Microsoft Visual Studio Solution File, Format Version 12.00
# Visual Studio Version 17
VisualStudioVersion = 17.3.32922.545
MinimumVisualStudioVersion = 10.0.40219.1
Project("{FAE04EC0-301F-11D3-BF4B-00C04F79EFBC}") = "DevInCar.API", "DevInCar.API\DevInCar.API.csproj", "{D8E62CBF-436D-46BF-9FFB-FF718616CB56}"
EndProject
Global
	GlobalSection(SolutionConfigurationPlatforms) = preSolution
		Debug|Any CPU = Debug|Any CPU
		Release|Any CPU = Release|Any CPU
	EndGlobalSection
	GlobalSection(ProjectConfigurationPlatforms) = postSolution
		{D8E62CBF-436D-46BF-9FFB-FF718616CB56}.Debug|Any CPU.ActiveCfg = Debug|Any CPU
		{D8E62CBF-436D-46BF-9FFB-FF718616CB56}.Debug|Any CPU.Build.0 = Debug|Any CPU
		{D8E62CBF-436D-46BF-9FFB-FF718616CB56}.Release|Any CPU.ActiveCfg = Release|Any CPU
		{D8E62CBF-436D-46BF-9FFB-FF718616CB56}.Release|Any CPU.Build.0 = Release|Any CPU
	EndGlobalSection
	GlobalSection(SolutionProperties) = preSolution
		HideSolutionNode = FALSE
	EndGlobalSection
	GlobalSection(ExtensibilityGlobals) = postSolution
		SolutionGuid = {26F0F487-B230-47FF-864F-97F3FBD48C31}
	EndGlobalSection
EndGlobal
